// !$*UTF8*$!
{
	archiveVersion = 1;
	classes = {
	};
	objectVersion = 55;
	objects = {

/* Begin PBXBuildFile section */
		370FBFB87E91F2E14AA22ABC /* Pods_ExPlayer.framework in Frameworks */ = {isa = PBXBuildFile; fileRef = 338A70A9B20AA1C6047D10B3 /* Pods_ExPlayer.framework */; };
		C6AC8842281BDCB70005E2B6 /* AppDelegate.swift in Sources */ = {isa = PBXBuildFile; fileRef = C6AC8841281BDCB70005E2B6 /* AppDelegate.swift */; };
		C6AC8844281BDCB70005E2B6 /* SceneDelegate.swift in Sources */ = {isa = PBXBuildFile; fileRef = C6AC8843281BDCB70005E2B6 /* SceneDelegate.swift */; };
		C6AC8849281BDCB70005E2B6 /* Main.storyboard in Resources */ = {isa = PBXBuildFile; fileRef = C6AC8847281BDCB70005E2B6 /* Main.storyboard */; };
		C6AC884B281BDCB80005E2B6 /* Assets.xcassets in Resources */ = {isa = PBXBuildFile; fileRef = C6AC884A281BDCB80005E2B6 /* Assets.xcassets */; };
		C6AC884E281BDCB80005E2B6 /* LaunchScreen.storyboard in Resources */ = {isa = PBXBuildFile; fileRef = C6AC884C281BDCB80005E2B6 /* LaunchScreen.storyboard */; };
		C6AC8858281BDCF40005E2B6 /* MyAudioPlayerView.swift in Sources */ = {isa = PBXBuildFile; fileRef = C6AC8855281BDCF40005E2B6 /* MyAudioPlayerView.swift */; };
		C6AC8859281BDCF40005E2B6 /* MyPlayerView.swift in Sources */ = {isa = PBXBuildFile; fileRef = C6AC8856281BDCF40005E2B6 /* MyPlayerView.swift */; };
		C6AC885A281BDCF40005E2B6 /* ViewController.swift in Sources */ = {isa = PBXBuildFile; fileRef = C6AC8857281BDCF40005E2B6 /* ViewController.swift */; };
		C6AC885C281BDD6D0005E2B6 /* Rx+Extension.swift in Sources */ = {isa = PBXBuildFile; fileRef = C6AC885B281BDD6D0005E2B6 /* Rx+Extension.swift */; };
		C6AC885E281BE0990005E2B6 /* SoundHelix-Song-6.mp3 in Resources */ = {isa = PBXBuildFile; fileRef = C6AC885D281BE0990005E2B6 /* SoundHelix-Song-6.mp3 */; };
/* End PBXBuildFile section */

/* Begin PBXFileReference section */
		2236EA365CE5856EB86825E1 /* Pods-ExPlayer.release.xcconfig */ = {isa = PBXFileReference; includeInIndex = 1; lastKnownFileType = text.xcconfig; name = "Pods-ExPlayer.release.xcconfig"; path = "Target Support Files/Pods-ExPlayer/Pods-ExPlayer.release.xcconfig"; sourceTree = "<group>"; };
		338A70A9B20AA1C6047D10B3 /* Pods_ExPlayer.framework */ = {isa = PBXFileReference; explicitFileType = wrapper.framework; includeInIndex = 0; path = Pods_ExPlayer.framework; sourceTree = BUILT_PRODUCTS_DIR; };
		B389427D57C446B5E5B94530 /* Pods-ExPlayer.debug.xcconfig */ = {isa = PBXFileReference; includeInIndex = 1; lastKnownFileType = text.xcconfig; name = "Pods-ExPlayer.debug.xcconfig"; path = "Target Support Files/Pods-ExPlayer/Pods-ExPlayer.debug.xcconfig"; sourceTree = "<group>"; };
		C6AC883E281BDCB70005E2B6 /* ExPlayer.app */ = {isa = PBXFileReference; explicitFileType = wrapper.application; includeInIndex = 0; path = ExPlayer.app; sourceTree = BUILT_PRODUCTS_DIR; };
		C6AC8841281BDCB70005E2B6 /* AppDelegate.swift */ = {isa = PBXFileReference; lastKnownFileType = sourcecode.swift; path = AppDelegate.swift; sourceTree = "<group>"; };
		C6AC8843281BDCB70005E2B6 /* SceneDelegate.swift */ = {isa = PBXFileReference; lastKnownFileType = sourcecode.swift; path = SceneDelegate.swift; sourceTree = "<group>"; };
		C6AC8848281BDCB70005E2B6 /* Base */ = {isa = PBXFileReference; lastKnownFileType = file.storyboard; name = Base; path = Base.lproj/Main.storyboard; sourceTree = "<group>"; };
		C6AC884A281BDCB80005E2B6 /* Assets.xcassets */ = {isa = PBXFileReference; lastKnownFileType = folder.assetcatalog; path = Assets.xcassets; sourceTree = "<group>"; };
		C6AC884D281BDCB80005E2B6 /* Base */ = {isa = PBXFileReference; lastKnownFileType = file.storyboard; name = Base; path = Base.lproj/LaunchScreen.storyboard; sourceTree = "<group>"; };
		C6AC884F281BDCB80005E2B6 /* Info.plist */ = {isa = PBXFileReference; lastKnownFileType = text.plist.xml; path = Info.plist; sourceTree = "<group>"; };
		C6AC8855281BDCF40005E2B6 /* MyAudioPlayerView.swift */ = {isa = PBXFileReference; fileEncoding = 4; lastKnownFileType = sourcecode.swift; path = MyAudioPlayerView.swift; sourceTree = "<group>"; };
		C6AC8856281BDCF40005E2B6 /* MyPlayerView.swift */ = {isa = PBXFileReference; fileEncoding = 4; lastKnownFileType = sourcecode.swift; path = MyPlayerView.swift; sourceTree = "<group>"; };
		C6AC8857281BDCF40005E2B6 /* ViewController.swift */ = {isa = PBXFileReference; fileEncoding = 4; lastKnownFileType = sourcecode.swift; path = ViewController.swift; sourceTree = "<group>"; };
		C6AC885B281BDD6D0005E2B6 /* Rx+Extension.swift */ = {isa = PBXFileReference; fileEncoding = 4; lastKnownFileType = sourcecode.swift; path = "Rx+Extension.swift"; sourceTree = "<group>"; };
		C6AC885D281BE0990005E2B6 /* SoundHelix-Song-6.mp3 */ = {isa = PBXFileReference; lastKnownFileType = audio.mp3; path = "SoundHelix-Song-6.mp3"; sourceTree = "<group>"; };
/* End PBXFileReference section */

/* Begin PBXFrameworksBuildPhase section */
		C6AC883B281BDCB70005E2B6 /* Frameworks */ = {
			isa = PBXFrameworksBuildPhase;
			buildActionMask = 2147483647;
			files = (
				370FBFB87E91F2E14AA22ABC /* Pods_ExPlayer.framework in Frameworks */,
			);
			runOnlyForDeploymentPostprocessing = 0;
		};
/* End PBXFrameworksBuildPhase section */

/* Begin PBXGroup section */
		8E68A784FE8F97E804DA9613 /* Frameworks */ = {
			isa = PBXGroup;
			children = (
				338A70A9B20AA1C6047D10B3 /* Pods_ExPlayer.framework */,
			);
			name = Frameworks;
			sourceTree = "<group>";
		};
		9EE978695684DC6592E3FDBA /* Pods */ = {
			isa = PBXGroup;
			children = (
				B389427D57C446B5E5B94530 /* Pods-ExPlayer.debug.xcconfig */,
				2236EA365CE5856EB86825E1 /* Pods-ExPlayer.release.xcconfig */,
			);
			path = Pods;
			sourceTree = "<group>";
		};
		C6AC8835281BDCB70005E2B6 = {
			isa = PBXGroup;
			children = (
				C6AC8840281BDCB70005E2B6 /* ExPlayer */,
				C6AC883F281BDCB70005E2B6 /* Products */,
				9EE978695684DC6592E3FDBA /* Pods */,
				8E68A784FE8F97E804DA9613 /* Frameworks */,
			);
			sourceTree = "<group>";
		};
		C6AC883F281BDCB70005E2B6 /* Products */ = {
			isa = PBXGroup;
			children = (
				C6AC883E281BDCB70005E2B6 /* ExPlayer.app */,
			);
			name = Products;
			sourceTree = "<group>";
		};
		C6AC8840281BDCB70005E2B6 /* ExPlayer */ = {
			isa = PBXGroup;
			children = (
				C6AC885D281BE0990005E2B6 /* SoundHelix-Song-6.mp3 */,
				C6AC885B281BDD6D0005E2B6 /* Rx+Extension.swift */,
				C6AC8855281BDCF40005E2B6 /* MyAudioPlayerView.swift */,
				C6AC8856281BDCF40005E2B6 /* MyPlayerView.swift */,
				C6AC8857281BDCF40005E2B6 /* ViewController.swift */,
				C6AC8841281BDCB70005E2B6 /* AppDelegate.swift */,
				C6AC8843281BDCB70005E2B6 /* SceneDelegate.swift */,
				C6AC8847281BDCB70005E2B6 /* Main.storyboard */,
				C6AC884A281BDCB80005E2B6 /* Assets.xcassets */,
				C6AC884C281BDCB80005E2B6 /* LaunchScreen.storyboard */,
				C6AC884F281BDCB80005E2B6 /* Info.plist */,
			);
			path = ExPlayer;
			sourceTree = "<group>";
		};
/* End PBXGroup section */

/* Begin PBXNativeTarget section */
		C6AC883D281BDCB70005E2B6 /* ExPlayer */ = {
			isa = PBXNativeTarget;
			buildConfigurationList = C6AC8852281BDCB80005E2B6 /* Build configuration list for PBXNativeTarget "ExPlayer" */;
			buildPhases = (
				1195FE30C3F3C40C4FA3E0FC /* [CP] Check Pods Manifest.lock */,
				C6AC883A281BDCB70005E2B6 /* Sources */,
				C6AC883B281BDCB70005E2B6 /* Frameworks */,
				C6AC883C281BDCB70005E2B6 /* Resources */,
				54B1FF2DBED038685DCCFE33 /* [CP] Embed Pods Frameworks */,
			);
			buildRules = (
			);
			dependencies = (
			);
			name = ExPlayer;
			productName = ExPlayer;
			productReference = C6AC883E281BDCB70005E2B6 /* ExPlayer.app */;
			productType = "com.apple.product-type.application";
		};
/* End PBXNativeTarget section */

/* Begin PBXProject section */
		C6AC8836281BDCB70005E2B6 /* Project object */ = {
			isa = PBXProject;
			attributes = {
				BuildIndependentTargetsInParallel = 1;
				LastSwiftUpdateCheck = 1330;
				LastUpgradeCheck = 1330;
				TargetAttributes = {
					C6AC883D281BDCB70005E2B6 = {
						CreatedOnToolsVersion = 13.3;
					};
				};
			};
			buildConfigurationList = C6AC8839281BDCB70005E2B6 /* Build configuration list for PBXProject "ExPlayer" */;
			compatibilityVersion = "Xcode 13.0";
			developmentRegion = en;
			hasScannedForEncodings = 0;
			knownRegions = (
				en,
				Base,
			);
			mainGroup = C6AC8835281BDCB70005E2B6;
			productRefGroup = C6AC883F281BDCB70005E2B6 /* Products */;
			projectDirPath = "";
			projectRoot = "";
			targets = (
				C6AC883D281BDCB70005E2B6 /* ExPlayer */,
			);
		};
/* End PBXProject section */

/* Begin PBXResourcesBuildPhase section */
		C6AC883C281BDCB70005E2B6 /* Resources */ = {
			isa = PBXResourcesBuildPhase;
			buildActionMask = 2147483647;
			files = (
				C6AC884E281BDCB80005E2B6 /* LaunchScreen.storyboard in Resources */,
				C6AC885E281BE0990005E2B6 /* SoundHelix-Song-6.mp3 in Resources */,
				C6AC884B281BDCB80005E2B6 /* Assets.xcassets in Resources */,
				C6AC8849281BDCB70005E2B6 /* Main.storyboard in Resources */,
			);
			runOnlyForDeploymentPostprocessing = 0;
		};
/* End PBXResourcesBuildPhase section */

/* Begin PBXShellScriptBuildPhase section */
		1195FE30C3F3C40C4FA3E0FC /* [CP] Check Pods Manifest.lock */ = {
			isa = PBXShellScriptBuildPhase;
			buildActionMask = 2147483647;
			files = (
			);
			inputFileListPaths = (
			);
			inputPaths = (
				"${PODS_PODFILE_DIR_PATH}/Podfile.lock",
				"${PODS_ROOT}/Manifest.lock",
			);
			name = "[CP] Check Pods Manifest.lock";
			outputFileListPaths = (
			);
			outputPaths = (
				"$(DERIVED_FILE_DIR)/Pods-ExPlayer-checkManifestLockResult.txt",
			);
			runOnlyForDeploymentPostprocessing = 0;
			shellPath = /bin/sh;
			shellScript = "diff \"${PODS_PODFILE_DIR_PATH}/Podfile.lock\" \"${PODS_ROOT}/Manifest.lock\" > /dev/null\nif [ $? != 0 ] ; then\n    # print error to STDERR\n    echo \"error: The sandbox is not in sync with the Podfile.lock. Run 'pod install' or update your CocoaPods installation.\" >&2\n    exit 1\nfi\n# This output is used by Xcode 'outputs' to avoid re-running this script phase.\necho \"SUCCESS\" > \"${SCRIPT_OUTPUT_FILE_0}\"\n";
			showEnvVarsInLog = 0;
		};
		54B1FF2DBED038685DCCFE33 /* [CP] Embed Pods Frameworks */ = {
			isa = PBXShellScriptBuildPhase;
			buildActionMask = 2147483647;
			files = (
			);
			inputFileListPaths = (
				"${PODS_ROOT}/Target Support Files/Pods-ExPlayer/Pods-ExPlayer-frameworks-${CONFIGURATION}-input-files.xcfilelist",
			);
			name = "[CP] Embed Pods Frameworks";
			outputFileListPaths = (
				"${PODS_ROOT}/Target Support Files/Pods-ExPlayer/Pods-ExPlayer-frameworks-${CONFIGURATION}-output-files.xcfilelist",
			);
			runOnlyForDeploymentPostprocessing = 0;
			shellPath = /bin/sh;
			shellScript = "\"${PODS_ROOT}/Target Support Files/Pods-ExPlayer/Pods-ExPlayer-frameworks.sh\"\n";
			showEnvVarsInLog = 0;
		};
/* End PBXShellScriptBuildPhase section */

/* Begin PBXSourcesBuildPhase section */
		C6AC883A281BDCB70005E2B6 /* Sources */ = {
			isa = PBXSourcesBuildPhase;
			buildActionMask = 2147483647;
			files = (
				C6AC885A281BDCF40005E2B6 /* ViewController.swift in Sources */,
				C6AC8842281BDCB70005E2B6 /* AppDelegate.swift in Sources */,
				C6AC8844281BDCB70005E2B6 /* SceneDelegate.swift in Sources */,
				C6AC885C281BDD6D0005E2B6 /* Rx+Extension.swift in Sources */,
				C6AC8858281BDCF40005E2B6 /* MyAudioPlayerView.swift in Sources */,
				C6AC8859281BDCF40005E2B6 /* MyPlayerView.swift in Sources */,
			);
			runOnlyForDeploymentPostprocessing = 0;
		};
/* End PBXSourcesBuildPhase section */

/* Begin PBXVariantGroup section */
		C6AC8847281BDCB70005E2B6 /* Main.storyboard */ = {
			isa = PBXVariantGroup;
			children = (
				C6AC8848281BDCB70005E2B6 /* Base */,
			);
			name = Main.storyboard;
			sourceTree = "<group>";
		};
		C6AC884C281BDCB80005E2B6 /* LaunchScreen.storyboard */ = {
			isa = PBXVariantGroup;
			children = (
				C6AC884D281BDCB80005E2B6 /* Base */,
			);
			name = LaunchScreen.storyboard;
			sourceTree = "<group>";
		};
/* End PBXVariantGroup section */

/* Begin XCBuildConfiguration section */
		C6AC8850281BDCB80005E2B6 /* Debug */ = {
			isa = XCBuildConfiguration;
			buildSettings = {
				ALWAYS_SEARCH_USER_PATHS = NO;
				CLANG_ANALYZER_NONNULL = YES;
				CLANG_ANALYZER_NUMBER_OBJECT_CONVERSION = YES_AGGRESSIVE;
				CLANG_CXX_LANGUAGE_STANDARD = "gnu++17";
				CLANG_ENABLE_MODULES = YES;
				CLANG_ENABLE_OBJC_ARC = YES;
				CLANG_ENABLE_OBJC_WEAK = YES;
				CLANG_WARN_BLOCK_CAPTURE_AUTORELEASING = YES;
				CLANG_WARN_BOOL_CONVERSION = YES;
				CLANG_WARN_COMMA = YES;
				CLANG_WARN_CONSTANT_CONVERSION = YES;
				CLANG_WARN_DEPRECATED_OBJC_IMPLEMENTATIONS = YES;
				CLANG_WARN_DIRECT_OBJC_ISA_USAGE = YES_ERROR;
				CLANG_WARN_DOCUMENTATION_COMMENTS = YES;
				CLANG_WARN_EMPTY_BODY = YES;
				CLANG_WARN_ENUM_CONVERSION = YES;
				CLANG_WARN_INFINITE_RECURSION = YES;
				CLANG_WARN_INT_CONVERSION = YES;
				CLANG_WARN_NON_LITERAL_NULL_CONVERSION = YES;
				CLANG_WARN_OBJC_IMPLICIT_RETAIN_SELF = YES;
				CLANG_WARN_OBJC_LITERAL_CONVERSION = YES;
				CLANG_WARN_OBJC_ROOT_CLASS = YES_ERROR;
				CLANG_WARN_QUOTED_INCLUDE_IN_FRAMEWORK_HEADER = YES;
				CLANG_WARN_RANGE_LOOP_ANALYSIS = YES;
				CLANG_WARN_STRICT_PROTOTYPES = YES;
				CLANG_WARN_SUSPICIOUS_MOVE = YES;
				CLANG_WARN_UNGUARDED_AVAILABILITY = YES_AGGRESSIVE;
				CLANG_WARN_UNREACHABLE_CODE = YES;
				CLANG_WARN__DUPLICATE_METHOD_MATCH = YES;
				COPY_PHASE_STRIP = NO;
				DEBUG_INFORMATION_FORMAT = dwarf;
				ENABLE_STRICT_OBJC_MSGSEND = YES;
				ENABLE_TESTABILITY = YES;
				GCC_C_LANGUAGE_STANDARD = gnu11;
				GCC_DYNAMIC_NO_PIC = NO;
				GCC_NO_COMMON_BLOCKS = YES;
				GCC_OPTIMIZATION_LEVEL = 0;
				GCC_PREPROCESSOR_DEFINITIONS = (
					"DEBUG=1",
					"$(inherited)",
				);
				GCC_WARN_64_TO_32_BIT_CONVERSION = YES;
				GCC_WARN_ABOUT_RETURN_TYPE = YES_ERROR;
				GCC_WARN_UNDECLARED_SELECTOR = YES;
				GCC_WARN_UNINITIALIZED_AUTOS = YES_AGGRESSIVE;
				GCC_WARN_UNUSED_FUNCTION = YES;
				GCC_WARN_UNUSED_VARIABLE = YES;
				IPHONEOS_DEPLOYMENT_TARGET = 15.4;
				MTL_ENABLE_DEBUG_INFO = INCLUDE_SOURCE;
				MTL_FAST_MATH = YES;
				ONLY_ACTIVE_ARCH = YES;
				SDKROOT = iphoneos;
				SWIFT_ACTIVE_COMPILATION_CONDITIONS = DEBUG;
				SWIFT_OPTIMIZATION_LEVEL = "-Onone";
			};
			name = Debug;
		};
		C6AC8851281BDCB80005E2B6 /* Release */ = {
			isa = XCBuildConfiguration;
			buildSettings = {
				ALWAYS_SEARCH_USER_PATHS = NO;
				CLANG_ANALYZER_NONNULL = YES;
				CLANG_ANALYZER_NUMBER_OBJECT_CONVERSION = YES_AGGRESSIVE;
				CLANG_CXX_LANGUAGE_STANDARD = "gnu++17";
				CLANG_ENABLE_MODULES = YES;
				CLANG_ENABLE_OBJC_ARC = YES;
				CLANG_ENABLE_OBJC_WEAK = YES;
				CLANG_WARN_BLOCK_CAPTURE_AUTORELEASING = YES;
				CLANG_WARN_BOOL_CONVERSION = YES;
				CLANG_WARN_COMMA = YES;
				CLANG_WARN_CONSTANT_CONVERSION = YES;
				CLANG_WARN_DEPRECATED_OBJC_IMPLEMENTATIONS = YES;
				CLANG_WARN_DIRECT_OBJC_ISA_USAGE = YES_ERROR;
				CLANG_WARN_DOCUMENTATION_COMMENTS = YES;
				CLANG_WARN_EMPTY_BODY = YES;
				CLANG_WARN_ENUM_CONVERSION = YES;
				CLANG_WARN_INFINITE_RECURSION = YES;
				CLANG_WARN_INT_CONVERSION = YES;
				CLANG_WARN_NON_LITERAL_NULL_CONVERSION = YES;
				CLANG_WARN_OBJC_IMPLICIT_RETAIN_SELF = YES;
				CLANG_WARN_OBJC_LITERAL_CONVERSION = YES;
				CLANG_WARN_OBJC_ROOT_CLASS = YES_ERROR;
				CLANG_WARN_QUOTED_INCLUDE_IN_FRAMEWORK_HEADER = YES;
				CLANG_WARN_RANGE_LOOP_ANALYSIS = YES;
				CLANG_WARN_STRICT_PROTOTYPES = YES;
				CLANG_WARN_SUSPICIOUS_MOVE = YES;
				CLANG_WARN_UNGUARDED_AVAILABILITY = YES_AGGRESSIVE;
				CLANG_WARN_UNREACHABLE_CODE = YES;
				CLANG_WARN__DUPLICATE_METHOD_MATCH = YES;
				COPY_PHASE_STRIP = NO;
				DEBUG_INFORMATION_FORMAT = "dwarf-with-dsym";
				ENABLE_NS_ASSERTIONS = NO;
				ENABLE_STRICT_OBJC_MSGSEND = YES;
				GCC_C_LANGUAGE_STANDARD = gnu11;
				GCC_NO_COMMON_BLOCKS = YES;
				GCC_WARN_64_TO_32_BIT_CONVERSION = YES;
				GCC_WARN_ABOUT_RETURN_TYPE = YES_ERROR;
				GCC_WARN_UNDECLARED_SELECTOR = YES;
				GCC_WARN_UNINITIALIZED_AUTOS = YES_AGGRESSIVE;
				GCC_WARN_UNUSED_FUNCTION = YES;
				GCC_WARN_UNUSED_VARIABLE = YES;
				IPHONEOS_DEPLOYMENT_TARGET = 15.4;
				MTL_ENABLE_DEBUG_INFO = NO;
				MTL_FAST_MATH = YES;
				SDKROOT = iphoneos;
				SWIFT_COMPILATION_MODE = wholemodule;
				SWIFT_OPTIMIZATION_LEVEL = "-O";
				VALIDATE_PRODUCT = YES;
			};
			name = Release;
		};
		C6AC8853281BDCB80005E2B6 /* Debug */ = {
			isa = XCBuildConfiguration;
			baseConfigurationReference = B389427D57C446B5E5B94530 /* Pods-ExPlayer.debug.xcconfig */;
			buildSettings = {
				ASSETCATALOG_COMPILER_APPICON_NAME = AppIcon;
				ASSETCATALOG_COMPILER_GLOBAL_ACCENT_COLOR_NAME = AccentColor;
				CODE_SIGN_STYLE = Automatic;
				CURRENT_PROJECT_VERSION = 1;
				DEVELOPMENT_TEAM = V99UMBT63A;
				GENERATE_INFOPLIST_FILE = YES;
				INFOPLIST_FILE = ExPlayer/Info.plist;
				INFOPLIST_KEY_UIApplicationSupportsIndirectInputEvents = YES;
				INFOPLIST_KEY_UILaunchStoryboardName = LaunchScreen;
				INFOPLIST_KEY_UIMainStoryboardFile = Main;
				INFOPLIST_KEY_UISupportedInterfaceOrientations_iPad = "UIInterfaceOrientationPortrait UIInterfaceOrientationPortraitUpsideDown UIInterfaceOrientationLandscapeLeft UIInterfaceOrientationLandscapeRight";
				INFOPLIST_KEY_UISupportedInterfaceOrientations_iPhone = "UIInterfaceOrientationPortrait UIInterfaceOrientationLandscapeLeft UIInterfaceOrientationLandscapeRight";
				LD_RUNPATH_SEARCH_PATHS = (
					"$(inherited)",
					"@executable_path/Frameworks",
				);
				MARKETING_VERSION = 1.0;
				PRODUCT_BUNDLE_IDENTIFIER = com.ExPlayer;
				PRODUCT_NAME = "$(TARGET_NAME)";
				SWIFT_EMIT_LOC_STRINGS = YES;
				SWIFT_VERSION = 5.0;
				TARGETED_DEVICE_FAMILY = "1,2";
			};
			name = Debug;
		};
		C6AC8854281BDCB80005E2B6 /* Release */ = {
			isa = XCBuildConfiguration;
			baseConfigurationReference = 2236EA365CE5856EB86825E1 /* Pods-ExPlayer.release.xcconfig */;
			buildSettings = {
				ASSETCATALOG_COMPILER_APPICON_NAME = AppIcon;
				ASSETCATALOG_COMPILER_GLOBAL_ACCENT_COLOR_NAME = AccentColor;
				CODE_SIGN_STYLE = Automatic;
				CURRENT_PROJECT_VERSION = 1;
				DEVELOPMENT_TEAM = V99UMBT63A;
				GENERATE_INFOPLIST_FILE = YES;
				INFOPLIST_FILE = ExPlayer/Info.plist;
				INFOPLIST_KEY_UIApplicationSupportsIndirectInputEvents = YES;
				INFOPLIST_KEY_UILaunchStoryboardName = LaunchScreen;
				INFOPLIST_KEY_UIMainStoryboardFile = Main;
				INFOPLIST_KEY_UISupportedInterfaceOrientations_iPad = "UIInterfaceOrientationPortrait UIInterfaceOrientationPortraitUpsideDown UIInterfaceOrientationLandscapeLeft UIInterfaceOrientationLandscapeRight";
				INFOPLIST_KEY_UISupportedInterfaceOrientations_iPhone = "UIInterfaceOrientationPortrait UIInterfaceOrientationLandscapeLeft UIInterfaceOrientationLandscapeRight";
				LD_RUNPATH_SEARCH_PATHS = (
					"$(inherited)",
					"@executable_path/Frameworks",
				);
				MARKETING_VERSION = 1.0;
				PRODUCT_BUNDLE_IDENTIFIER = com.ExPlayer;
				PRODUCT_NAME = "$(TARGET_NAME)";
				SWIFT_EMIT_LOC_STRINGS = YES;
				SWIFT_VERSION = 5.0;
				TARGETED_DEVICE_FAMILY = "1,2";
			};
			name = Release;
		};
/* End XCBuildConfiguration section */

/* Begin XCConfigurationList section */
		C6AC8839281BDCB70005E2B6 /* Build configuration list for PBXProject "ExPlayer" */ = {
			isa = XCConfigurationList;
			buildConfigurations = (
				C6AC8850281BDCB80005E2B6 /* Debug */,
				C6AC8851281BDCB80005E2B6 /* Release */,
			);
			defaultConfigurationIsVisible = 0;
			defaultConfigurationName = Release;
		};
		C6AC8852281BDCB80005E2B6 /* Build configuration list for PBXNativeTarget "ExPlayer" */ = {
			isa = XCConfigurationList;
			buildConfigurations = (
				C6AC8853281BDCB80005E2B6 /* Debug */,
				C6AC8854281BDCB80005E2B6 /* Release */,
			);
			defaultConfigurationIsVisible = 0;
			defaultConfigurationName = Release;
		};
/* End XCConfigurationList section */
	};
	rootObject = C6AC8836281BDCB70005E2B6 /* Project object */;
}
